// !$*UTF8*$!
{
	archiveVersion = 1;
	classes = {
	};
	objectVersion = 48;
	objects = {

/* Begin PBXBuildFile section */
		34C469411FBC765E00D55595 /* AppDelegate.swift in Sources */ = {isa = PBXBuildFile; fileRef = 34C469401FBC765E00D55595 /* AppDelegate.swift */; };
		34C469481FBC765E00D55595 /* Assets.xcassets in Resources */ = {isa = PBXBuildFile; fileRef = 34C469471FBC765E00D55595 /* Assets.xcassets */; };
		34C469561FBC765E00D55595 /* scratchSVCTests.swift in Sources */ = {isa = PBXBuildFile; fileRef = 34C469551FBC765E00D55595 /* scratchSVCTests.swift */; };
		34C469611FBC78B100D55595 /* MainFlowController.swift in Sources */ = {isa = PBXBuildFile; fileRef = 34C469601FBC78B100D55595 /* MainFlowController.swift */; };
		34C469631FBC796600D55595 /* Default-568h@2x.png in Resources */ = {isa = PBXBuildFile; fileRef = 34C469621FBC796600D55595 /* Default-568h@2x.png */; };
		34C469661FBC7B6300D55595 /* DataLoader.swift in Sources */ = {isa = PBXBuildFile; fileRef = 34C469651FBC7B6300D55595 /* DataLoader.swift */; };
		34C469681FBC7B9300D55595 /* SampleDataLoader.swift in Sources */ = {isa = PBXBuildFile; fileRef = 34C469671FBC7B9300D55595 /* SampleDataLoader.swift */; };
/* End PBXBuildFile section */

/* Begin PBXContainerItemProxy section */
		34C469521FBC765E00D55595 /* PBXContainerItemProxy */ = {
			isa = PBXContainerItemProxy;
			containerPortal = 34C469351FBC765E00D55595 /* Project object */;
			proxyType = 1;
			remoteGlobalIDString = 34C4693C1FBC765E00D55595;
			remoteInfo = scratchSVC;
		};
/* End PBXContainerItemProxy section */

/* Begin PBXFileReference section */
		34C4693D1FBC765E00D55595 /* scratchSVC.app */ = {isa = PBXFileReference; explicitFileType = wrapper.application; includeInIndex = 0; path = scratchSVC.app; sourceTree = BUILT_PRODUCTS_DIR; };
		34C469401FBC765E00D55595 /* AppDelegate.swift */ = {isa = PBXFileReference; lastKnownFileType = sourcecode.swift; path = AppDelegate.swift; sourceTree = "<group>"; };
		34C469471FBC765E00D55595 /* Assets.xcassets */ = {isa = PBXFileReference; lastKnownFileType = folder.assetcatalog; path = Assets.xcassets; sourceTree = "<group>"; };
		34C4694C1FBC765E00D55595 /* Info.plist */ = {isa = PBXFileReference; lastKnownFileType = text.plist.xml; path = Info.plist; sourceTree = "<group>"; };
		34C469511FBC765E00D55595 /* scratchSVCTests.xctest */ = {isa = PBXFileReference; explicitFileType = wrapper.cfbundle; includeInIndex = 0; path = scratchSVCTests.xctest; sourceTree = BUILT_PRODUCTS_DIR; };
		34C469551FBC765E00D55595 /* scratchSVCTests.swift */ = {isa = PBXFileReference; lastKnownFileType = sourcecode.swift; path = scratchSVCTests.swift; sourceTree = "<group>"; };
		34C469571FBC765E00D55595 /* Info.plist */ = {isa = PBXFileReference; lastKnownFileType = text.plist.xml; path = Info.plist; sourceTree = "<group>"; };
		34C469601FBC78B100D55595 /* MainFlowController.swift */ = {isa = PBXFileReference; lastKnownFileType = sourcecode.swift; path = MainFlowController.swift; sourceTree = "<group>"; };
		34C469621FBC796600D55595 /* Default-568h@2x.png */ = {isa = PBXFileReference; lastKnownFileType = image.png; path = "Default-568h@2x.png"; sourceTree = "<group>"; };
		34C469651FBC7B6300D55595 /* DataLoader.swift */ = {isa = PBXFileReference; lastKnownFileType = sourcecode.swift; path = DataLoader.swift; sourceTree = "<group>"; };
		34C469671FBC7B9300D55595 /* SampleDataLoader.swift */ = {isa = PBXFileReference; lastKnownFileType = sourcecode.swift; path = SampleDataLoader.swift; sourceTree = "<group>"; };
/* End PBXFileReference section */

/* Begin PBXFrameworksBuildPhase section */
		34C4693A1FBC765E00D55595 /* Frameworks */ = {
			isa = PBXFrameworksBuildPhase;
			buildActionMask = 2147483647;
			files = (
			);
			runOnlyForDeploymentPostprocessing = 0;
		};
		34C4694E1FBC765E00D55595 /* Frameworks */ = {
			isa = PBXFrameworksBuildPhase;
			buildActionMask = 2147483647;
			files = (
			);
			runOnlyForDeploymentPostprocessing = 0;
		};
/* End PBXFrameworksBuildPhase section */

/* Begin PBXGroup section */
		34C469341FBC765E00D55595 = {
			isa = PBXGroup;
			children = (
				34C469621FBC796600D55595 /* Default-568h@2x.png */,
				34C4693F1FBC765E00D55595 /* scratchSVC */,
				34C469541FBC765E00D55595 /* scratchSVCTests */,
				34C4693E1FBC765E00D55595 /* Products */,
			);
			sourceTree = "<group>";
		};
		34C4693E1FBC765E00D55595 /* Products */ = {
			isa = PBXGroup;
			children = (
				34C4693D1FBC765E00D55595 /* scratchSVC.app */,
				34C469511FBC765E00D55595 /* scratchSVCTests.xctest */,
			);
			name = Products;
			sourceTree = "<group>";
		};
		34C4693F1FBC765E00D55595 /* scratchSVC */ = {
			isa = PBXGroup;
			children = (
				34C469641FBC7B4E00D55595 /* model */,
				34C469401FBC765E00D55595 /* AppDelegate.swift */,
				34C469471FBC765E00D55595 /* Assets.xcassets */,
				34C4694C1FBC765E00D55595 /* Info.plist */,
				34C469601FBC78B100D55595 /* MainFlowController.swift */,
			);
			path = scratchSVC;
			sourceTree = "<group>";
		};
		34C469541FBC765E00D55595 /* scratchSVCTests */ = {
			isa = PBXGroup;
			children = (
				34C469551FBC765E00D55595 /* scratchSVCTests.swift */,
				34C469571FBC765E00D55595 /* Info.plist */,
			);
			path = scratchSVCTests;
			sourceTree = "<group>";
		};
		34C469641FBC7B4E00D55595 /* model */ = {
			isa = PBXGroup;
			children = (
				34C469651FBC7B6300D55595 /* DataLoader.swift */,
				34C469671FBC7B9300D55595 /* SampleDataLoader.swift */,
			);
			path = model;
			sourceTree = "<group>";
		};
/* End PBXGroup section */

/* Begin PBXNativeTarget section */
		34C4693C1FBC765E00D55595 /* scratchSVC */ = {
			isa = PBXNativeTarget;
			buildConfigurationList = 34C4695A1FBC765E00D55595 /* Build configuration list for PBXNativeTarget "scratchSVC" */;
			buildPhases = (
				34C469391FBC765E00D55595 /* Sources */,
				34C4693A1FBC765E00D55595 /* Frameworks */,
				34C4693B1FBC765E00D55595 /* Resources */,
			);
			buildRules = (
			);
			dependencies = (
			);
			name = scratchSVC;
			productName = scratchSVC;
			productReference = 34C4693D1FBC765E00D55595 /* scratchSVC.app */;
			productType = "com.apple.product-type.application";
		};
		34C469501FBC765E00D55595 /* scratchSVCTests */ = {
			isa = PBXNativeTarget;
			buildConfigurationList = 34C4695D1FBC765E00D55595 /* Build configuration list for PBXNativeTarget "scratchSVCTests" */;
			buildPhases = (
				34C4694D1FBC765E00D55595 /* Sources */,
				34C4694E1FBC765E00D55595 /* Frameworks */,
				34C4694F1FBC765E00D55595 /* Resources */,
			);
			buildRules = (
			);
			dependencies = (
				34C469531FBC765E00D55595 /* PBXTargetDependency */,
			);
			name = scratchSVCTests;
			productName = scratchSVCTests;
			productReference = 34C469511FBC765E00D55595 /* scratchSVCTests.xctest */;
			productType = "com.apple.product-type.bundle.unit-test";
		};
/* End PBXNativeTarget section */

/* Begin PBXProject section */
		34C469351FBC765E00D55595 /* Project object */ = {
			isa = PBXProject;
			attributes = {
				LastSwiftUpdateCheck = 0900;
				LastUpgradeCheck = 0900;
				ORGANIZATIONNAME = "Vincent O'Sullivan";
				TargetAttributes = {
					34C4693C1FBC765E00D55595 = {
						CreatedOnToolsVersion = 9.0.1;
						ProvisioningStyle = Automatic;
					};
					34C469501FBC765E00D55595 = {
						CreatedOnToolsVersion = 9.0.1;
						ProvisioningStyle = Automatic;
						TestTargetID = 34C4693C1FBC765E00D55595;
					};
				};
			};
			buildConfigurationList = 34C469381FBC765E00D55595 /* Build configuration list for PBXProject "scratchSVC" */;
			compatibilityVersion = "Xcode 8.0";
			developmentRegion = en;
			hasScannedForEncodings = 0;
			knownRegions = (
				en,
				Base,
			);
			mainGroup = 34C469341FBC765E00D55595;
			productRefGroup = 34C4693E1FBC765E00D55595 /* Products */;
			projectDirPath = "";
			projectRoot = "";
			targets = (
				34C4693C1FBC765E00D55595 /* scratchSVC */,
				34C469501FBC765E00D55595 /* scratchSVCTests */,
			);
		};
/* End PBXProject section */

/* Begin PBXResourcesBuildPhase section */
		34C4693B1FBC765E00D55595 /* Resources */ = {
			isa = PBXResourcesBuildPhase;
			buildActionMask = 2147483647;
			files = (
				34C469481FBC765E00D55595 /* Assets.xcassets in Resources */,
				34C469631FBC796600D55595 /* Default-568h@2x.png in Resources */,
			);
			runOnlyForDeploymentPostprocessing = 0;
		};
		34C4694F1FBC765E00D55595 /* Resources */ = {
			isa = PBXResourcesBuildPhase;
			buildActionMask = 2147483647;
			files = (
			);
			runOnlyForDeploymentPostprocessing = 0;
		};
/* End PBXResourcesBuildPhase section */

/* Begin PBXSourcesBuildPhase section */
		34C469391FBC765E00D55595 /* Sources */ = {
			isa = PBXSourcesBuildPhase;
			buildActionMask = 2147483647;
			files = (
				34C469681FBC7B9300D55595 /* SampleDataLoader.swift in Sources */,
				34C469411FBC765E00D55595 /* AppDelegate.swift in Sources */,
				34C469611FBC78B100D55595 /* MainFlowController.swift in Sources */,
				34C469661FBC7B6300D55595 /* DataLoader.swift in Sources */,
			);
			runOnlyForDeploymentPostprocessing = 0;
		};
		34C4694D1FBC765E00D55595 /* Sources */ = {
			isa = PBXSourcesBuildPhase;
			buildActionMask = 2147483647;
			files = (
				34C469561FBC765E00D55595 /* scratchSVCTests.swift in Sources */,
			);
			runOnlyForDeploymentPostprocessing = 0;
		};
/* End PBXSourcesBuildPhase section */

/* Begin PBXTargetDependency section */
		34C469531FBC765E00D55595 /* PBXTargetDependency */ = {
			isa = PBXTargetDependency;
			target = 34C4693C1FBC765E00D55595 /* scratchSVC */;
			targetProxy = 34C469521FBC765E00D55595 /* PBXContainerItemProxy */;
		};
/* End PBXTargetDependency section */

/* Begin XCBuildConfiguration section */
		34C469581FBC765E00D55595 /* Debug */ = {
			isa = XCBuildConfiguration;
			buildSettings = {
				ALWAYS_SEARCH_USER_PATHS = NO;
				CLANG_ANALYZER_NONNULL = YES;
				CLANG_ANALYZER_NUMBER_OBJECT_CONVERSION = YES_AGGRESSIVE;
				CLANG_CXX_LANGUAGE_STANDARD = "gnu++14";
				CLANG_CXX_LIBRARY = "libc++";
				CLANG_ENABLE_MODULES = YES;
				CLANG_ENABLE_OBJC_ARC = YES;
				CLANG_WARN_BLOCK_CAPTURE_AUTORELEASING = YES;
				CLANG_WARN_BOOL_CONVERSION = YES;
				CLANG_WARN_COMMA = YES;
				CLANG_WARN_CONSTANT_CONVERSION = YES;
				CLANG_WARN_DIRECT_OBJC_ISA_USAGE = YES_ERROR;
				CLANG_WARN_DOCUMENTATION_COMMENTS = YES;
				CLANG_WARN_EMPTY_BODY = YES;
				CLANG_WARN_ENUM_CONVERSION = YES;
				CLANG_WARN_INFINITE_RECURSION = YES;
				CLANG_WARN_INT_CONVERSION = YES;
				CLANG_WARN_NON_LITERAL_NULL_CONVERSION = YES;
				CLANG_WARN_OBJC_LITERAL_CONVERSION = YES;
				CLANG_WARN_OBJC_ROOT_CLASS = YES_ERROR;
				CLANG_WARN_RANGE_LOOP_ANALYSIS = YES;
				CLANG_WARN_STRICT_PROTOTYPES = YES;
				CLANG_WARN_SUSPICIOUS_MOVE = YES;
				CLANG_WARN_UNGUARDED_AVAILABILITY = YES_AGGRESSIVE;
				CLANG_WARN_UNREACHABLE_CODE = YES;
				CLANG_WARN__DUPLICATE_METHOD_MATCH = YES;
				CODE_SIGN_IDENTITY = "iPhone Developer";
				COPY_PHASE_STRIP = NO;
				DEBUG_INFORMATION_FORMAT = dwarf;
				ENABLE_STRICT_OBJC_MSGSEND = YES;
				ENABLE_TESTABILITY = YES;
				GCC_C_LANGUAGE_STANDARD = gnu11;
				GCC_DYNAMIC_NO_PIC = NO;
				GCC_NO_COMMON_BLOCKS = YES;
				GCC_OPTIMIZATION_LEVEL = 0;
				GCC_PREPROCESSOR_DEFINITIONS = (
					"DEBUG=1",
					"$(inherited)",
				);
				GCC_WARN_64_TO_32_BIT_CONVERSION = YES;
				GCC_WARN_ABOUT_RETURN_TYPE = YES_ERROR;
				GCC_WARN_UNDECLARED_SELECTOR = YES;
				GCC_WARN_UNINITIALIZED_AUTOS = YES_AGGRESSIVE;
				GCC_WARN_UNUSED_FUNCTION = YES;
				GCC_WARN_UNUSED_VARIABLE = YES;
				IPHONEOS_DEPLOYMENT_TARGET = 11.0;
				MTL_ENABLE_DEBUG_INFO = YES;
				ONLY_ACTIVE_ARCH = YES;
				SDKROOT = iphoneos;
				SWIFT_ACTIVE_COMPILATION_CONDITIONS = DEBUG;
				SWIFT_OPTIMIZATION_LEVEL = "-Onone";
			};
			name = Debug;
		};
		34C469591FBC765E00D55595 /* Release */ = {
			isa = XCBuildConfiguration;
			buildSettings = {
				ALWAYS_SEARCH_USER_PATHS = NO;
				CLANG_ANALYZER_NONNULL = YES;
				CLANG_ANALYZER_NUMBER_OBJECT_CONVERSION = YES_AGGRESSIVE;
				CLANG_CXX_LANGUAGE_STANDARD = "gnu++14";
				CLANG_CXX_LIBRARY = "libc++";
				CLANG_ENABLE_MODULES = YES;
				CLANG_ENABLE_OBJC_ARC = YES;
				CLANG_WARN_BLOCK_CAPTURE_AUTORELEASING = YES;
				CLANG_WARN_BOOL_CONVERSION = YES;
				CLANG_WARN_COMMA = YES;
				CLANG_WARN_CONSTANT_CONVERSION = YES;
				CLANG_WARN_DIRECT_OBJC_ISA_USAGE = YES_ERROR;
				CLANG_WARN_DOCUMENTATION_COMMENTS = YES;
				CLANG_WARN_EMPTY_BODY = YES;
				CLANG_WARN_ENUM_CONVERSION = YES;
				CLANG_WARN_INFINITE_RECURSION = YES;
				CLANG_WARN_INT_CONVERSION = YES;
				CLANG_WARN_NON_LITERAL_NULL_CONVERSION = YES;
				CLANG_WARN_OBJC_LITERAL_CONVERSION = YES;
				CLANG_WARN_OBJC_ROOT_CLASS = YES_ERROR;
				CLANG_WARN_RANGE_LOOP_ANALYSIS = YES;
				CLANG_WARN_STRICT_PROTOTYPES = YES;
				CLANG_WARN_SUSPICIOUS_MOVE = YES;
				CLANG_WARN_UNGUARDED_AVAILABILITY = YES_AGGRESSIVE;
				CLANG_WARN_UNREACHABLE_CODE = YES;
				CLANG_WARN__DUPLICATE_METHOD_MATCH = YES;
				CODE_SIGN_IDENTITY = "iPhone Developer";
				COPY_PHASE_STRIP = NO;
				DEBUG_INFORMATION_FORMAT = "dwarf-with-dsym";
				ENABLE_NS_ASSERTIONS = NO;
				ENABLE_STRICT_OBJC_MSGSEND = YES;
				GCC_C_LANGUAGE_STANDARD = gnu11;
				GCC_NO_COMMON_BLOCKS = YES;
				GCC_WARN_64_TO_32_BIT_CONVERSION = YES;
				GCC_WARN_ABOUT_RETURN_TYPE = YES_ERROR;
				GCC_WARN_UNDECLARED_SELECTOR = YES;
				GCC_WARN_UNINITIALIZED_AUTOS = YES_AGGRESSIVE;
				GCC_WARN_UNUSED_FUNCTION = YES;
				GCC_WARN_UNUSED_VARIABLE = YES;
				IPHONEOS_DEPLOYMENT_TARGET = 11.0;
				MTL_ENABLE_DEBUG_INFO = NO;
				SDKROOT = iphoneos;
				SWIFT_OPTIMIZATION_LEVEL = "-Owholemodule";
				VALIDATE_PRODUCT = YES;
			};
			name = Release;
		};
		34C4695B1FBC765E00D55595 /* Debug */ = {
			isa = XCBuildConfiguration;
			buildSettings = {
				ASSETCATALOG_COMPILER_APPICON_NAME = AppIcon;
				CODE_SIGN_STYLE = Automatic;
				DEVELOPMENT_TEAM = 27QRRWZMS6;
				INFOPLIST_FILE = scratchSVC/Info.plist;
				LD_RUNPATH_SEARCH_PATHS = "$(inherited) @executable_path/Frameworks";
				PRODUCT_BUNDLE_IDENTIFIER = com.vjosullivan.scratchSVC;
				PRODUCT_NAME = "$(TARGET_NAME)";
				SWIFT_VERSION = 4.0;
				TARGETED_DEVICE_FAMILY = "1,2";
			};
			name = Debug;
		};
		34C4695C1FBC765E00D55595 /* Release */ = {
			isa = XCBuildConfiguration;
			buildSettings = {
				ASSETCATALOG_COMPILER_APPICON_NAME = AppIcon;
				CODE_SIGN_STYLE = Automatic;
				DEVELOPMENT_TEAM = 27QRRWZMS6;
				INFOPLIST_FILE = scratchSVC/Info.plist;
				LD_RUNPATH_SEARCH_PATHS = "$(inherited) @executable_path/Frameworks";
				PRODUCT_BUNDLE_IDENTIFIER = com.vjosullivan.scratchSVC;
				PRODUCT_NAME = "$(TARGET_NAME)";
				SWIFT_VERSION = 4.0;
				TARGETED_DEVICE_FAMILY = "1,2";
			};
			name = Release;
		};
		34C4695E1FBC765E00D55595 /* Debug */ = {
			isa = XCBuildConfiguration;
			buildSettings = {
				ALWAYS_EMBED_SWIFT_STANDARD_LIBRARIES = YES;
				BUNDLE_LOADER = "$(TEST_HOST)";
				CODE_SIGN_STYLE = Automatic;
				DEVELOPMENT_TEAM = 27QRRWZMS6;
				INFOPLIST_FILE = scratchSVCTests/Info.plist;
				LD_RUNPATH_SEARCH_PATHS = "$(inherited) @executable_path/Frameworks @loader_path/Frameworks";
				PRODUCT_BUNDLE_IDENTIFIER = com.vjosullivan.scratchSVCTests;
				PRODUCT_NAME = "$(TARGET_NAME)";
				SWIFT_VERSION = 4.0;
				TARGETED_DEVICE_FAMILY = "1,2";
				TEST_HOST = "$(BUILT_PRODUCTS_DIR)/scratchSVC.app/scratchSVC";
			};
			name = Debug;
		};
		34C4695F1FBC765E00D55595 /* Release */ = {
			isa = XCBuildConfiguration;
			buildSettings = {
				ALWAYS_EMBED_SWIFT_STANDARD_LIBRARIES = YES;
				BUNDLE_LOADER = "$(TEST_HOST)";
				CODE_SIGN_STYLE = Automatic;
				DEVELOPMENT_TEAM = 27QRRWZMS6;
				INFOPLIST_FILE = scratchSVCTests/Info.plist;
				LD_RUNPATH_SEARCH_PATHS = "$(inherited) @executable_path/Frameworks @loader_path/Frameworks";
				PRODUCT_BUNDLE_IDENTIFIER = com.vjosullivan.scratchSVCTests;
				PRODUCT_NAME = "$(TARGET_NAME)";
				SWIFT_VERSION = 4.0;
				TARGETED_DEVICE_FAMILY = "1,2";
				TEST_HOST = "$(BUILT_PRODUCTS_DIR)/scratchSVC.app/scratchSVC";
			};
			name = Release;
		};
/* End XCBuildConfiguration section */

/* Begin XCConfigurationList section */
		34C469381FBC765E00D55595 /* Build configuration list for PBXProject "scratchSVC" */ = {
			isa = XCConfigurationList;
			buildConfigurations = (
				34C469581FBC765E00D55595 /* Debug */,
				34C469591FBC765E00D55595 /* Release */,
			);
			defaultConfigurationIsVisible = 0;
			defaultConfigurationName = Release;
		};
		34C4695A1FBC765E00D55595 /* Build configuration list for PBXNativeTarget "scratchSVC" */ = {
			isa = XCConfigurationList;
			buildConfigurations = (
				34C4695B1FBC765E00D55595 /* Debug */,
				34C4695C1FBC765E00D55595 /* Release */,
			);
			defaultConfigurationIsVisible = 0;
			defaultConfigurationName = Release;
		};
		34C4695D1FBC765E00D55595 /* Build configuration list for PBXNativeTarget "scratchSVCTests" */ = {
			isa = XCConfigurationList;
			buildConfigurations = (
				34C4695E1FBC765E00D55595 /* Debug */,
				34C4695F1FBC765E00D55595 /* Release */,
			);
			defaultConfigurationIsVisible = 0;
			defaultConfigurationName = Release;
		};
/* End XCConfigurationList section */
	};
	rootObject = 34C469351FBC765E00D55595 /* Project object */;
}
